
Microsoft Visual Studio Solution File, Format Version 12.00
# Visual Studio Version 16
VisualStudioVersion = 16.0.34114.132
MinimumVisualStudioVersion = 10.0.40219.1
Project("{FAE04EC0-301F-11D3-BF4B-00C04F79EFBC}") = "Method Class Assignment Submission", "Method Class Assignment Submission.csproj", "{55B2C734-1215-4DB3-98C3-28F01A9057FF}"
EndProject
Global
	GlobalSection(SolutionConfigurationPlatforms) = preSolution
		Debug|Any CPU = Debug|Any CPU
		Release|Any CPU = Release|Any CPU
	EndGlobalSection
	GlobalSection(ProjectConfigurationPlatforms) = postSolution
		{55B2C734-1215-4DB3-98C3-28F01A9057FF}.Debug|Any CPU.ActiveCfg = Debug|Any CPU
		{55B2C734-1215-4DB3-98C3-28F01A9057FF}.Debug|Any CPU.Build.0 = Debug|Any CPU
		{55B2C734-1215-4DB3-98C3-28F01A9057FF}.Release|Any CPU.ActiveCfg = Release|Any CPU
		{55B2C734-1215-4DB3-98C3-28F01A9057FF}.Release|Any CPU.Build.0 = Release|Any CPU
	EndGlobalSection
	GlobalSection(SolutionProperties) = preSolution
		HideSolutionNode = FALSE
	EndGlobalSection
	GlobalSection(ExtensibilityGlobals) = postSolution
		SolutionGuid = {A7D1C7DD-0271-446B-B5CD-D521B1B11A35}
	EndGlobalSection
EndGlobal
